{
  "version": "5",
  "specifiers": {
    "jsr:@std/dotenv@0.225": "0.225.8"
  },
  "jsr": {
    "@std/dotenv@0.225.8": {
      "integrity": "27b8c1a9d00cbf938345a5924487c04d9b27bdd7e7bd1983f54bcf76d0a0174a"
    }
  },
  "workspace": {
    "dependencies": [
      "jsr:@std/dotenv@0.225"
    ]
  }
}
